
Microsoft Visual Studio Solution File, Format Version 12.00
# Visual Studio Version 16
VisualStudioVersion = 16.0.32630.194
MinimumVisualStudioVersion = 10.0.40219.1
Project("{FAE04EC0-301F-11D3-BF4B-00C04F79EFBC}") = "test_application", "test_application.csproj", "{0F8D7DB6-3811-4084-BBCE-C3FD78E814BE}"
EndProject
Global
	GlobalSection(SolutionConfigurationPlatforms) = preSolution
		Debug|Any CPU = Debug|Any CPU
		Release|Any CPU = Release|Any CPU
	EndGlobalSection
	GlobalSection(ProjectConfigurationPlatforms) = postSolution
		{0F8D7DB6-3811-4084-BBCE-C3FD78E814BE}.Debug|Any CPU.ActiveCfg = Debug|Any CPU
		{0F8D7DB6-3811-4084-BBCE-C3FD78E814BE}.Debug|Any CPU.Build.0 = Debug|Any CPU
		{0F8D7DB6-3811-4084-BBCE-C3FD78E814BE}.Release|Any CPU.ActiveCfg = Release|Any CPU
		{0F8D7DB6-3811-4084-BBCE-C3FD78E814BE}.Release|Any CPU.Build.0 = Release|Any CPU
	EndGlobalSection
	GlobalSection(SolutionProperties) = preSolution
		HideSolutionNode = FALSE
	EndGlobalSection
	GlobalSection(ExtensibilityGlobals) = postSolution
		SolutionGuid = {0C1E6C17-4410-497E-8772-C7E9070DE867}
	EndGlobalSection
EndGlobal
